
Microsoft Visual Studio Solution File, Format Version 12.00
# Visual Studio 14
VisualStudioVersion = 14.0.24720.0
MinimumVisualStudioVersion = 10.0.40219.1
Project("{FAE04EC0-301F-11D3-BF4B-00C04F79EFBC}") = "Lecturer", "Lecturer\Lecturer.csproj", "{29421388-7156-4E5D-9C95-26BA7A650570}"
EndProject
Project("{FAE04EC0-301F-11D3-BF4B-00C04F79EFBC}") = "Lecturer.Data", "Lecturer.Data\Lecturer.Data.csproj", "{A246EB4D-7EB5-40A6-8109-323ABF94DB43}"
EndProject
Project("{FAE04EC0-301F-11D3-BF4B-00C04F79EFBC}") = "Lecturer.PDFControl", "Lecturer.PDFControl\Lecturer.PDFControl.csproj", "{52967846-5A2C-44D8-A8EC-9CCE04C84B5C}"
EndProject
Global
	GlobalSection(SolutionConfigurationPlatforms) = preSolution
		Debug|Any CPU = Debug|Any CPU
		Debug|ARM = Debug|ARM
		Debug|x64 = Debug|x64
		Debug|x86 = Debug|x86
		Release|Any CPU = Release|Any CPU
		Release|ARM = Release|ARM
		Release|x64 = Release|x64
		Release|x86 = Release|x86
	EndGlobalSection
	GlobalSection(ProjectConfigurationPlatforms) = postSolution
		{29421388-7156-4E5D-9C95-26BA7A650570}.Debug|Any CPU.ActiveCfg = Debug|Any CPU
		{29421388-7156-4E5D-9C95-26BA7A650570}.Debug|Any CPU.Build.0 = Debug|Any CPU
		{29421388-7156-4E5D-9C95-26BA7A650570}.Debug|ARM.ActiveCfg = Debug|Any CPU
		{29421388-7156-4E5D-9C95-26BA7A650570}.Debug|ARM.Build.0 = Debug|Any CPU
		{29421388-7156-4E5D-9C95-26BA7A650570}.Debug|x64.ActiveCfg = Debug|Any CPU
		{29421388-7156-4E5D-9C95-26BA7A650570}.Debug|x64.Build.0 = Debug|Any CPU
		{29421388-7156-4E5D-9C95-26BA7A650570}.Debug|x86.ActiveCfg = Debug|Any CPU
		{29421388-7156-4E5D-9C95-26BA7A650570}.Debug|x86.Build.0 = Debug|Any CPU
		{29421388-7156-4E5D-9C95-26BA7A650570}.Release|Any CPU.ActiveCfg = Release|Any CPU
		{29421388-7156-4E5D-9C95-26BA7A650570}.Release|Any CPU.Build.0 = Release|Any CPU
		{29421388-7156-4E5D-9C95-26BA7A650570}.Release|ARM.ActiveCfg = Release|Any CPU
		{29421388-7156-4E5D-9C95-26BA7A650570}.Release|ARM.Build.0 = Release|Any CPU
		{29421388-7156-4E5D-9C95-26BA7A650570}.Release|x64.ActiveCfg = Release|Any CPU
		{29421388-7156-4E5D-9C95-26BA7A650570}.Release|x64.Build.0 = Release|Any CPU
		{29421388-7156-4E5D-9C95-26BA7A650570}.Release|x86.ActiveCfg = Release|Any CPU
		{29421388-7156-4E5D-9C95-26BA7A650570}.Release|x86.Build.0 = Release|Any CPU
		{A246EB4D-7EB5-40A6-8109-323ABF94DB43}.Debug|Any CPU.ActiveCfg = Debug|Any CPU
		{A246EB4D-7EB5-40A6-8109-323ABF94DB43}.Debug|Any CPU.Build.0 = Debug|Any CPU
		{A246EB4D-7EB5-40A6-8109-323ABF94DB43}.Debug|ARM.ActiveCfg = Debug|Any CPU
		{A246EB4D-7EB5-40A6-8109-323ABF94DB43}.Debug|ARM.Build.0 = Debug|Any CPU
		{A246EB4D-7EB5-40A6-8109-323ABF94DB43}.Debug|x64.ActiveCfg = Debug|Any CPU
		{A246EB4D-7EB5-40A6-8109-323ABF94DB43}.Debug|x64.Build.0 = Debug|Any CPU
		{A246EB4D-7EB5-40A6-8109-323ABF94DB43}.Debug|x86.ActiveCfg = Debug|Any CPU
		{A246EB4D-7EB5-40A6-8109-323ABF94DB43}.Debug|x86.Build.0 = Debug|Any CPU
		{A246EB4D-7EB5-40A6-8109-323ABF94DB43}.Release|Any CPU.ActiveCfg = Release|Any CPU
		{A246EB4D-7EB5-40A6-8109-323ABF94DB43}.Release|Any CPU.Build.0 = Release|Any CPU
		{A246EB4D-7EB5-40A6-8109-323ABF94DB43}.Release|ARM.ActiveCfg = Release|Any CPU
		{A246EB4D-7EB5-40A6-8109-323ABF94DB43}.Release|ARM.Build.0 = Release|Any CPU
		{A246EB4D-7EB5-40A6-8109-323ABF94DB43}.Release|x64.ActiveCfg = Release|Any CPU
		{A246EB4D-7EB5-40A6-8109-323ABF94DB43}.Release|x64.Build.0 = Release|Any CPU
		{A246EB4D-7EB5-40A6-8109-323ABF94DB43}.Release|x86.ActiveCfg = Release|Any CPU
		{A246EB4D-7EB5-40A6-8109-323ABF94DB43}.Release|x86.Build.0 = Release|Any CPU
		{52967846-5A2C-44D8-A8EC-9CCE04C84B5C}.Debug|Any CPU.ActiveCfg = Debug|Any CPU
		{52967846-5A2C-44D8-A8EC-9CCE04C84B5C}.Debug|Any CPU.Build.0 = Debug|Any CPU
		{52967846-5A2C-44D8-A8EC-9CCE04C84B5C}.Debug|ARM.ActiveCfg = Debug|Any CPU
		{52967846-5A2C-44D8-A8EC-9CCE04C84B5C}.Debug|ARM.Build.0 = Debug|Any CPU
		{52967846-5A2C-44D8-A8EC-9CCE04C84B5C}.Debug|x64.ActiveCfg = Debug|Any CPU
		{52967846-5A2C-44D8-A8EC-9CCE04C84B5C}.Debug|x64.Build.0 = Debug|Any CPU
		{52967846-5A2C-44D8-A8EC-9CCE04C84B5C}.Debug|x86.ActiveCfg = Debug|Any CPU
		{52967846-5A2C-44D8-A8EC-9CCE04C84B5C}.Debug|x86.Build.0 = Debug|Any CPU
		{52967846-5A2C-44D8-A8EC-9CCE04C84B5C}.Release|Any CPU.ActiveCfg = Release|Any CPU
		{52967846-5A2C-44D8-A8EC-9CCE04C84B5C}.Release|Any CPU.Build.0 = Release|Any CPU
		{52967846-5A2C-44D8-A8EC-9CCE04C84B5C}.Release|ARM.ActiveCfg = Release|Any CPU
		{52967846-5A2C-44D8-A8EC-9CCE04C84B5C}.Release|ARM.Build.0 = Release|Any CPU
		{52967846-5A2C-44D8-A8EC-9CCE04C84B5C}.Release|x64.ActiveCfg = Release|Any CPU
		{52967846-5A2C-44D8-A8EC-9CCE04C84B5C}.Release|x64.Build.0 = Release|Any CPU
		{52967846-5A2C-44D8-A8EC-9CCE04C84B5C}.Release|x86.ActiveCfg = Release|Any CPU
		{52967846-5A2C-44D8-A8EC-9CCE04C84B5C}.Release|x86.Build.0 = Release|Any CPU
	EndGlobalSection
	GlobalSection(SolutionProperties) = preSolution
		HideSolutionNode = FALSE
	EndGlobalSection
EndGlobal
